
Microsoft Visual Studio Solution File, Format Version 12.00
# Visual Studio Version 18
VisualStudioVersion = 18.3.11222.16 d18.3
MinimumVisualStudioVersion = 10.0.40219.1
Project("{FAE04EC0-301F-11D3-BF4B-00C04F79EFBC}") = "Chatter.App.Api", "Chatter.App.Api\Chatter.App.Api.csproj", "{39E5FB65-E732-44E6-91FE-D1FEF7DCE4E6}"
EndProject
Project("{FAE04EC0-301F-11D3-BF4B-00C04F79EFBC}") = "Chatter.App.Entities", "Chatter.App.Entities\Chatter.App.Entities.csproj", "{18668300-3EB2-4A4D-85EC-02F078246285}"
EndProject
Project("{FAE04EC0-301F-11D3-BF4B-00C04F79EFBC}") = "Chatter.App.Core", "Chatter.App.Core\Chatter.App.Core.csproj", "{2EC653D5-D132-4343-A70C-BB5F1C5D2491}"
EndProject
Project("{FAE04EC0-301F-11D3-BF4B-00C04F79EFBC}") = "Chatter.App.Infra", "Chatter.App.Infra\Chatter.App.Infra.csproj", "{58B06D0E-EE01-495A-8F2F-40F073B1D74C}"
EndProject
Project("{00D1A9C2-B5F0-4AF3-8072-F6C62B433612}") = "Chatter.App.Db", "Chatter.App.Db\Chatter.App.Db.sqlproj", "{DF400C05-A1C1-44BE-889C-6A7B0ACFC735}"
EndProject
Global
	GlobalSection(SolutionConfigurationPlatforms) = preSolution
		Debug|Any CPU = Debug|Any CPU
		Release|Any CPU = Release|Any CPU
	EndGlobalSection
	GlobalSection(ProjectConfigurationPlatforms) = postSolution
		{39E5FB65-E732-44E6-91FE-D1FEF7DCE4E6}.Debug|Any CPU.ActiveCfg = Debug|Any CPU
		{39E5FB65-E732-44E6-91FE-D1FEF7DCE4E6}.Debug|Any CPU.Build.0 = Debug|Any CPU
		{39E5FB65-E732-44E6-91FE-D1FEF7DCE4E6}.Release|Any CPU.ActiveCfg = Release|Any CPU
		{39E5FB65-E732-44E6-91FE-D1FEF7DCE4E6}.Release|Any CPU.Build.0 = Release|Any CPU
		{18668300-3EB2-4A4D-85EC-02F078246285}.Debug|Any CPU.ActiveCfg = Debug|Any CPU
		{18668300-3EB2-4A4D-85EC-02F078246285}.Debug|Any CPU.Build.0 = Debug|Any CPU
		{18668300-3EB2-4A4D-85EC-02F078246285}.Release|Any CPU.ActiveCfg = Release|Any CPU
		{18668300-3EB2-4A4D-85EC-02F078246285}.Release|Any CPU.Build.0 = Release|Any CPU
		{2EC653D5-D132-4343-A70C-BB5F1C5D2491}.Debug|Any CPU.ActiveCfg = Debug|Any CPU
		{2EC653D5-D132-4343-A70C-BB5F1C5D2491}.Debug|Any CPU.Build.0 = Debug|Any CPU
		{2EC653D5-D132-4343-A70C-BB5F1C5D2491}.Release|Any CPU.ActiveCfg = Release|Any CPU
		{2EC653D5-D132-4343-A70C-BB5F1C5D2491}.Release|Any CPU.Build.0 = Release|Any CPU
		{58B06D0E-EE01-495A-8F2F-40F073B1D74C}.Debug|Any CPU.ActiveCfg = Debug|Any CPU
		{58B06D0E-EE01-495A-8F2F-40F073B1D74C}.Debug|Any CPU.Build.0 = Debug|Any CPU
		{58B06D0E-EE01-495A-8F2F-40F073B1D74C}.Release|Any CPU.ActiveCfg = Release|Any CPU
		{58B06D0E-EE01-495A-8F2F-40F073B1D74C}.Release|Any CPU.Build.0 = Release|Any CPU
		{DF400C05-A1C1-44BE-889C-6A7B0ACFC735}.Debug|Any CPU.ActiveCfg = Debug|Any CPU
		{DF400C05-A1C1-44BE-889C-6A7B0ACFC735}.Debug|Any CPU.Build.0 = Debug|Any CPU
		{DF400C05-A1C1-44BE-889C-6A7B0ACFC735}.Debug|Any CPU.Deploy.0 = Debug|Any CPU
		{DF400C05-A1C1-44BE-889C-6A7B0ACFC735}.Release|Any CPU.ActiveCfg = Release|Any CPU
		{DF400C05-A1C1-44BE-889C-6A7B0ACFC735}.Release|Any CPU.Build.0 = Release|Any CPU
		{DF400C05-A1C1-44BE-889C-6A7B0ACFC735}.Release|Any CPU.Deploy.0 = Release|Any CPU
	EndGlobalSection
	GlobalSection(SolutionProperties) = preSolution
		HideSolutionNode = FALSE
	EndGlobalSection
	GlobalSection(ExtensibilityGlobals) = postSolution
		SolutionGuid = {23FE832F-541F-475B-9105-D7297CC4F075}
	EndGlobalSection
EndGlobal
